
Microsoft Visual Studio Solution File, Format Version 12.00
# Visual Studio Version 17
VisualStudioVersion = 17.4.33122.133
MinimumVisualStudioVersion = 10.0.40219.1
Project("{FAE04EC0-301F-11D3-BF4B-00C04F79EFBC}") = "JwtWebApiTutorial", "JwtWebApiTutorial\JwtWebApiTutorial.csproj", "{5B614BA4-8599-48BF-8997-16D11ABA77DD}"
EndProject
Global
	GlobalSection(SolutionConfigurationPlatforms) = preSolution
		Debug|Any CPU = Debug|Any CPU
		Release|Any CPU = Release|Any CPU
	EndGlobalSection
	GlobalSection(ProjectConfigurationPlatforms) = postSolution
		{5B614BA4-8599-48BF-8997-16D11ABA77DD}.Debug|Any CPU.ActiveCfg = Debug|Any CPU
		{5B614BA4-8599-48BF-8997-16D11ABA77DD}.Debug|Any CPU.Build.0 = Debug|Any CPU
		{5B614BA4-8599-48BF-8997-16D11ABA77DD}.Release|Any CPU.ActiveCfg = Release|Any CPU
		{5B614BA4-8599-48BF-8997-16D11ABA77DD}.Release|Any CPU.Build.0 = Release|Any CPU
	EndGlobalSection
	GlobalSection(SolutionProperties) = preSolution
		HideSolutionNode = FALSE
	EndGlobalSection
	GlobalSection(ExtensibilityGlobals) = postSolution
		SolutionGuid = {2A29439F-72A8-4F2C-8E8E-0791B83C3760}
	EndGlobalSection
EndGlobal
